
Microsoft Visual Studio Solution File, Format Version 12.00
# Visual Studio Version 16
VisualStudioVersion = 16.0.33214.272
MinimumVisualStudioVersion = 10.0.40219.1
Project("{9A19103F-16F7-4668-BE54-9A1E7A4F7556}") = "Clients", "WebApp\Clients.csproj", "{536019EC-CC24-47A8-9924-8B893D0FDB48}"
EndProject
Global
	GlobalSection(SolutionConfigurationPlatforms) = preSolution
		Debug|Any CPU = Debug|Any CPU
		Release|Any CPU = Release|Any CPU
	EndGlobalSection
	GlobalSection(ProjectConfigurationPlatforms) = postSolution
		{536019EC-CC24-47A8-9924-8B893D0FDB48}.Debug|Any CPU.ActiveCfg = Debug|Any CPU
		{536019EC-CC24-47A8-9924-8B893D0FDB48}.Debug|Any CPU.Build.0 = Debug|Any CPU
		{536019EC-CC24-47A8-9924-8B893D0FDB48}.Release|Any CPU.ActiveCfg = Release|Any CPU
		{536019EC-CC24-47A8-9924-8B893D0FDB48}.Release|Any CPU.Build.0 = Release|Any CPU
	EndGlobalSection
	GlobalSection(SolutionProperties) = preSolution
		HideSolutionNode = FALSE
	EndGlobalSection
	GlobalSection(ExtensibilityGlobals) = postSolution
		SolutionGuid = {26054960-5D17-4A1E-94EC-894E3353D006}
	EndGlobalSection
EndGlobal
